
Microsoft Visual Studio Solution File, Format Version 12.00
# Visual Studio Version 17
VisualStudioVersion = 17.5.33424.131
MinimumVisualStudioVersion = 10.0.40219.1
Project("{9A19103F-16F7-4668-BE54-9A1E7A4F7556}") = "AbstractFactoryPattern", "AbstractFactoryPattern\AbstractFactoryPattern.csproj", "{A7714ECF-10CF-44BB-8021-03434AAB06EC}"
EndProject
Global
	GlobalSection(SolutionConfigurationPlatforms) = preSolution
		Debug|Any CPU = Debug|Any CPU
		Release|Any CPU = Release|Any CPU
	EndGlobalSection
	GlobalSection(ProjectConfigurationPlatforms) = postSolution
		{A7714ECF-10CF-44BB-8021-03434AAB06EC}.Debug|Any CPU.ActiveCfg = Debug|Any CPU
		{A7714ECF-10CF-44BB-8021-03434AAB06EC}.Debug|Any CPU.Build.0 = Debug|Any CPU
		{A7714ECF-10CF-44BB-8021-03434AAB06EC}.Release|Any CPU.ActiveCfg = Release|Any CPU
		{A7714ECF-10CF-44BB-8021-03434AAB06EC}.Release|Any CPU.Build.0 = Release|Any CPU
	EndGlobalSection
	GlobalSection(SolutionProperties) = preSolution
		HideSolutionNode = FALSE
	EndGlobalSection
	GlobalSection(ExtensibilityGlobals) = postSolution
		SolutionGuid = {3A3E096F-4FD1-4E2A-B366-D34FA204FE38}
	EndGlobalSection
EndGlobal
